// !$*UTF8*$!
{
	archiveVersion = 1;
	classes = {
	};
	objectVersion = 55;
	objects = {

/* Begin PBXBuildFile section */
		03B8EDD92E5E665CB00D52AE /* Pods_Filker_Photos_using_mvvm_c.framework in Frameworks */ = {isa = PBXBuildFile; fileRef = 43F187CD8B8EDD6D19FD4041 /* Pods_Filker_Photos_using_mvvm_c.framework */; };
		FA5BF8512A8013AA00C06853 /* AppDelegate.swift in Sources */ = {isa = PBXBuildFile; fileRef = FA5BF8502A8013AA00C06853 /* AppDelegate.swift */; };
		FA5BF8532A8013AA00C06853 /* SceneDelegate.swift in Sources */ = {isa = PBXBuildFile; fileRef = FA5BF8522A8013AA00C06853 /* SceneDelegate.swift */; };
		FA5BF85A2A8013AD00C06853 /* Assets.xcassets in Resources */ = {isa = PBXBuildFile; fileRef = FA5BF8592A8013AD00C06853 /* Assets.xcassets */; };
		FA5BF85D2A8013AD00C06853 /* LaunchScreen.storyboard in Resources */ = {isa = PBXBuildFile; fileRef = FA5BF85B2A8013AD00C06853 /* LaunchScreen.storyboard */; };
		FAD134EE2A80206200767FA6 /* FilkerResponse.swift in Sources */ = {isa = PBXBuildFile; fileRef = FAD134EA2A80206200767FA6 /* FilkerResponse.swift */; };
		FAD134EF2A80206200767FA6 /* Photos.swift in Sources */ = {isa = PBXBuildFile; fileRef = FAD134EB2A80206200767FA6 /* Photos.swift */; };
		FAD134F02A80206200767FA6 /* Photo.swift in Sources */ = {isa = PBXBuildFile; fileRef = FAD134EC2A80206200767FA6 /* Photo.swift */; };
		FAD134F12A80206200767FA6 /* FilkerRequestModel.swift in Sources */ = {isa = PBXBuildFile; fileRef = FAD134ED2A80206200767FA6 /* FilkerRequestModel.swift */; };
/* End PBXBuildFile section */

/* Begin PBXFileReference section */
		0CFB4E47C874B7FE1BD06668 /* Pods-Filker Photos using mvvm-c.debug.xcconfig */ = {isa = PBXFileReference; includeInIndex = 1; lastKnownFileType = text.xcconfig; name = "Pods-Filker Photos using mvvm-c.debug.xcconfig"; path = "Target Support Files/Pods-Filker Photos using mvvm-c/Pods-Filker Photos using mvvm-c.debug.xcconfig"; sourceTree = "<group>"; };
		3EFDBB9C1D5A561541625838 /* Pods-Filker Photos using mvvm-c.release.xcconfig */ = {isa = PBXFileReference; includeInIndex = 1; lastKnownFileType = text.xcconfig; name = "Pods-Filker Photos using mvvm-c.release.xcconfig"; path = "Target Support Files/Pods-Filker Photos using mvvm-c/Pods-Filker Photos using mvvm-c.release.xcconfig"; sourceTree = "<group>"; };
		43F187CD8B8EDD6D19FD4041 /* Pods_Filker_Photos_using_mvvm_c.framework */ = {isa = PBXFileReference; explicitFileType = wrapper.framework; includeInIndex = 0; path = Pods_Filker_Photos_using_mvvm_c.framework; sourceTree = BUILT_PRODUCTS_DIR; };
		FA5BF84D2A8013AA00C06853 /* Filker Photos using mvvm-c.app */ = {isa = PBXFileReference; explicitFileType = wrapper.application; includeInIndex = 0; path = "Filker Photos using mvvm-c.app"; sourceTree = BUILT_PRODUCTS_DIR; };
		FA5BF8502A8013AA00C06853 /* AppDelegate.swift */ = {isa = PBXFileReference; lastKnownFileType = sourcecode.swift; path = AppDelegate.swift; sourceTree = "<group>"; };
		FA5BF8522A8013AA00C06853 /* SceneDelegate.swift */ = {isa = PBXFileReference; lastKnownFileType = sourcecode.swift; path = SceneDelegate.swift; sourceTree = "<group>"; };
		FA5BF8592A8013AD00C06853 /* Assets.xcassets */ = {isa = PBXFileReference; lastKnownFileType = folder.assetcatalog; path = Assets.xcassets; sourceTree = "<group>"; };
		FA5BF85C2A8013AD00C06853 /* Base */ = {isa = PBXFileReference; lastKnownFileType = file.storyboard; name = Base; path = Base.lproj/LaunchScreen.storyboard; sourceTree = "<group>"; };
		FA5BF85E2A8013AD00C06853 /* Info.plist */ = {isa = PBXFileReference; lastKnownFileType = text.plist.xml; path = Info.plist; sourceTree = "<group>"; };
		FAD134EA2A80206200767FA6 /* FilkerResponse.swift */ = {isa = PBXFileReference; fileEncoding = 4; lastKnownFileType = sourcecode.swift; path = FilkerResponse.swift; sourceTree = "<group>"; };
		FAD134EB2A80206200767FA6 /* Photos.swift */ = {isa = PBXFileReference; fileEncoding = 4; lastKnownFileType = sourcecode.swift; path = Photos.swift; sourceTree = "<group>"; };
		FAD134EC2A80206200767FA6 /* Photo.swift */ = {isa = PBXFileReference; fileEncoding = 4; lastKnownFileType = sourcecode.swift; path = Photo.swift; sourceTree = "<group>"; };
		FAD134ED2A80206200767FA6 /* FilkerRequestModel.swift */ = {isa = PBXFileReference; fileEncoding = 4; lastKnownFileType = sourcecode.swift; path = FilkerRequestModel.swift; sourceTree = "<group>"; };
/* End PBXFileReference section */

/* Begin PBXFrameworksBuildPhase section */
		FA5BF84A2A8013AA00C06853 /* Frameworks */ = {
			isa = PBXFrameworksBuildPhase;
			buildActionMask = 2147483647;
			files = (
				03B8EDD92E5E665CB00D52AE /* Pods_Filker_Photos_using_mvvm_c.framework in Frameworks */,
			);
			runOnlyForDeploymentPostprocessing = 0;
		};
/* End PBXFrameworksBuildPhase section */

/* Begin PBXGroup section */
		48222AC10C6B824329991BEB /* Pods */ = {
			isa = PBXGroup;
			children = (
				0CFB4E47C874B7FE1BD06668 /* Pods-Filker Photos using mvvm-c.debug.xcconfig */,
				3EFDBB9C1D5A561541625838 /* Pods-Filker Photos using mvvm-c.release.xcconfig */,
			);
			path = Pods;
			sourceTree = "<group>";
		};
		FA5BF8442A8013AA00C06853 = {
			isa = PBXGroup;
			children = (
				FA5BF84F2A8013AA00C06853 /* Filker Photos using mvvm-c */,
				FA5BF84E2A8013AA00C06853 /* Products */,
				48222AC10C6B824329991BEB /* Pods */,
				FE10986709DB1F30A20AC485 /* Frameworks */,
			);
			sourceTree = "<group>";
		};
		FA5BF84E2A8013AA00C06853 /* Products */ = {
			isa = PBXGroup;
			children = (
				FA5BF84D2A8013AA00C06853 /* Filker Photos using mvvm-c.app */,
			);
			name = Products;
			sourceTree = "<group>";
		};
		FA5BF84F2A8013AA00C06853 /* Filker Photos using mvvm-c */ = {
			isa = PBXGroup;
			children = (
				FA5BF8502A8013AA00C06853 /* AppDelegate.swift */,
				FA5BF8522A8013AA00C06853 /* SceneDelegate.swift */,
				FAD134E32A80170100767FA6 /* Utils */,
				FAD134E72A801F3E00767FA6 /* Caching Manager */,
				FAD134E22A8016EC00767FA6 /* Coordinator */,
				FAD134E12A8016DB00767FA6 /* Models */,
				FAD134E02A8016C500767FA6 /* Extensions */,
				FAD134DC2A80167900767FA6 /* Network */,
				FAD134DD2A80168D00767FA6 /* Endpoints */,
				FAD134DE2A80169500767FA6 /* Scene */,
				FAD134DF2A8016AF00767FA6 /* Resources */,
				FA5BF85E2A8013AD00C06853 /* Info.plist */,
			);
			path = "Filker Photos using mvvm-c";
			sourceTree = "<group>";
		};
		FAD134DC2A80167900767FA6 /* Network */ = {
			isa = PBXGroup;
			children = (
			);
			path = Network;
			sourceTree = "<group>";
		};
		FAD134DD2A80168D00767FA6 /* Endpoints */ = {
			isa = PBXGroup;
			children = (
			);
			path = Endpoints;
			sourceTree = "<group>";
		};
		FAD134DE2A80169500767FA6 /* Scene */ = {
			isa = PBXGroup;
			children = (
				FAD134E82A801FBC00767FA6 /* Home */,
				FAD134E92A801FCC00767FA6 /* Details */,
			);
			path = Scene;
			sourceTree = "<group>";
		};
		FAD134DF2A8016AF00767FA6 /* Resources */ = {
			isa = PBXGroup;
			children = (
				FA5BF8592A8013AD00C06853 /* Assets.xcassets */,
				FA5BF85B2A8013AD00C06853 /* LaunchScreen.storyboard */,
			);
			path = Resources;
			sourceTree = "<group>";
		};
		FAD134E02A8016C500767FA6 /* Extensions */ = {
			isa = PBXGroup;
			children = (
			);
			path = Extensions;
			sourceTree = "<group>";
		};
		FAD134E12A8016DB00767FA6 /* Models */ = {
			isa = PBXGroup;
			children = (
				FAD134ED2A80206200767FA6 /* FilkerRequestModel.swift */,
				FAD134EA2A80206200767FA6 /* FilkerResponse.swift */,
				FAD134EC2A80206200767FA6 /* Photo.swift */,
				FAD134EB2A80206200767FA6 /* Photos.swift */,
			);
			path = Models;
			sourceTree = "<group>";
		};
		FAD134E22A8016EC00767FA6 /* Coordinator */ = {
			isa = PBXGroup;
			children = (
			);
			path = Coordinator;
			sourceTree = "<group>";
		};
		FAD134E32A80170100767FA6 /* Utils */ = {
			isa = PBXGroup;
			children = (
			);
			path = Utils;
			sourceTree = "<group>";
		};
		FAD134E42A80171500767FA6 /* View Model */ = {
			isa = PBXGroup;
			children = (
			);
			path = "View Model";
			sourceTree = "<group>";
		};
		FAD134E52A80171E00767FA6 /* View */ = {
			isa = PBXGroup;
			children = (
			);
			path = View;
			sourceTree = "<group>";
		};
		FAD134E72A801F3E00767FA6 /* Caching Manager */ = {
			isa = PBXGroup;
			children = (
			);
			path = "Caching Manager";
			sourceTree = "<group>";
		};
		FAD134E82A801FBC00767FA6 /* Home */ = {
			isa = PBXGroup;
			children = (
				FAD134E52A80171E00767FA6 /* View */,
				FAD134E42A80171500767FA6 /* View Model */,
			);
			path = Home;
			sourceTree = "<group>";
		};
		FAD134E92A801FCC00767FA6 /* Details */ = {
			isa = PBXGroup;
			children = (
			);
			path = Details;
			sourceTree = "<group>";
		};
		FE10986709DB1F30A20AC485 /* Frameworks */ = {
			isa = PBXGroup;
			children = (
				43F187CD8B8EDD6D19FD4041 /* Pods_Filker_Photos_using_mvvm_c.framework */,
			);
			name = Frameworks;
			sourceTree = "<group>";
		};
/* End PBXGroup section */

/* Begin PBXNativeTarget section */
		FA5BF84C2A8013AA00C06853 /* Filker Photos using mvvm-c */ = {
			isa = PBXNativeTarget;
			buildConfigurationList = FA5BF8612A8013AD00C06853 /* Build configuration list for PBXNativeTarget "Filker Photos using mvvm-c" */;
			buildPhases = (
				EAF3A81ACDCDCBA360AEBF2F /* [CP] Check Pods Manifest.lock */,
				FA5BF8492A8013AA00C06853 /* Sources */,
				FA5BF84A2A8013AA00C06853 /* Frameworks */,
				FA5BF84B2A8013AA00C06853 /* Resources */,
				CD8F38D5DD0FFD44A0269458 /* [CP] Embed Pods Frameworks */,
			);
			buildRules = (
			);
			dependencies = (
			);
			name = "Filker Photos using mvvm-c";
			productName = "Filker Photos using mvvm-c";
			productReference = FA5BF84D2A8013AA00C06853 /* Filker Photos using mvvm-c.app */;
			productType = "com.apple.product-type.application";
		};
/* End PBXNativeTarget section */

/* Begin PBXProject section */
		FA5BF8452A8013AA00C06853 /* Project object */ = {
			isa = PBXProject;
			attributes = {
				BuildIndependentTargetsInParallel = 1;
				LastSwiftUpdateCheck = 1420;
				LastUpgradeCheck = 1420;
				TargetAttributes = {
					FA5BF84C2A8013AA00C06853 = {
						CreatedOnToolsVersion = 14.2;
					};
				};
			};
			buildConfigurationList = FA5BF8482A8013AA00C06853 /* Build configuration list for PBXProject "Filker Photos using mvvm-c" */;
			compatibilityVersion = "Xcode 13.0";
			developmentRegion = en;
			hasScannedForEncodings = 0;
			knownRegions = (
				en,
				Base,
			);
			mainGroup = FA5BF8442A8013AA00C06853;
			productRefGroup = FA5BF84E2A8013AA00C06853 /* Products */;
			projectDirPath = "";
			projectRoot = "";
			targets = (
				FA5BF84C2A8013AA00C06853 /* Filker Photos using mvvm-c */,
			);
		};
/* End PBXProject section */

/* Begin PBXResourcesBuildPhase section */
		FA5BF84B2A8013AA00C06853 /* Resources */ = {
			isa = PBXResourcesBuildPhase;
			buildActionMask = 2147483647;
			files = (
				FA5BF85D2A8013AD00C06853 /* LaunchScreen.storyboard in Resources */,
				FA5BF85A2A8013AD00C06853 /* Assets.xcassets in Resources */,
			);
			runOnlyForDeploymentPostprocessing = 0;
		};
/* End PBXResourcesBuildPhase section */

/* Begin PBXShellScriptBuildPhase section */
		CD8F38D5DD0FFD44A0269458 /* [CP] Embed Pods Frameworks */ = {
			isa = PBXShellScriptBuildPhase;
			buildActionMask = 2147483647;
			files = (
			);
			inputFileListPaths = (
				"${PODS_ROOT}/Target Support Files/Pods-Filker Photos using mvvm-c/Pods-Filker Photos using mvvm-c-frameworks-${CONFIGURATION}-input-files.xcfilelist",
			);
			name = "[CP] Embed Pods Frameworks";
			outputFileListPaths = (
				"${PODS_ROOT}/Target Support Files/Pods-Filker Photos using mvvm-c/Pods-Filker Photos using mvvm-c-frameworks-${CONFIGURATION}-output-files.xcfilelist",
			);
			runOnlyForDeploymentPostprocessing = 0;
			shellPath = /bin/sh;
			shellScript = "\"${PODS_ROOT}/Target Support Files/Pods-Filker Photos using mvvm-c/Pods-Filker Photos using mvvm-c-frameworks.sh\"\n";
			showEnvVarsInLog = 0;
		};
		EAF3A81ACDCDCBA360AEBF2F /* [CP] Check Pods Manifest.lock */ = {
			isa = PBXShellScriptBuildPhase;
			buildActionMask = 2147483647;
			files = (
			);
			inputFileListPaths = (
			);
			inputPaths = (
				"${PODS_PODFILE_DIR_PATH}/Podfile.lock",
				"${PODS_ROOT}/Manifest.lock",
			);
			name = "[CP] Check Pods Manifest.lock";
			outputFileListPaths = (
			);
			outputPaths = (
				"$(DERIVED_FILE_DIR)/Pods-Filker Photos using mvvm-c-checkManifestLockResult.txt",
			);
			runOnlyForDeploymentPostprocessing = 0;
			shellPath = /bin/sh;
			shellScript = "diff \"${PODS_PODFILE_DIR_PATH}/Podfile.lock\" \"${PODS_ROOT}/Manifest.lock\" > /dev/null\nif [ $? != 0 ] ; then\n    # print error to STDERR\n    echo \"error: The sandbox is not in sync with the Podfile.lock. Run 'pod install' or update your CocoaPods installation.\" >&2\n    exit 1\nfi\n# This output is used by Xcode 'outputs' to avoid re-running this script phase.\necho \"SUCCESS\" > \"${SCRIPT_OUTPUT_FILE_0}\"\n";
			showEnvVarsInLog = 0;
		};
/* End PBXShellScriptBuildPhase section */

/* Begin PBXSourcesBuildPhase section */
		FA5BF8492A8013AA00C06853 /* Sources */ = {
			isa = PBXSourcesBuildPhase;
			buildActionMask = 2147483647;
			files = (
				FAD134EF2A80206200767FA6 /* Photos.swift in Sources */,
				FAD134EE2A80206200767FA6 /* FilkerResponse.swift in Sources */,
				FAD134F12A80206200767FA6 /* FilkerRequestModel.swift in Sources */,
				FA5BF8512A8013AA00C06853 /* AppDelegate.swift in Sources */,
				FA5BF8532A8013AA00C06853 /* SceneDelegate.swift in Sources */,
				FAD134F02A80206200767FA6 /* Photo.swift in Sources */,
			);
			runOnlyForDeploymentPostprocessing = 0;
		};
/* End PBXSourcesBuildPhase section */

/* Begin PBXVariantGroup section */
		FA5BF85B2A8013AD00C06853 /* LaunchScreen.storyboard */ = {
			isa = PBXVariantGroup;
			children = (
				FA5BF85C2A8013AD00C06853 /* Base */,
			);
			name = LaunchScreen.storyboard;
			sourceTree = "<group>";
		};
/* End PBXVariantGroup section */

/* Begin XCBuildConfiguration section */
		FA5BF85F2A8013AD00C06853 /* Debug */ = {
			isa = XCBuildConfiguration;
			buildSettings = {
				ALWAYS_SEARCH_USER_PATHS = NO;
				CLANG_ANALYZER_NONNULL = YES;
				CLANG_ANALYZER_NUMBER_OBJECT_CONVERSION = YES_AGGRESSIVE;
				CLANG_CXX_LANGUAGE_STANDARD = "gnu++20";
				CLANG_ENABLE_MODULES = YES;
				CLANG_ENABLE_OBJC_ARC = YES;
				CLANG_ENABLE_OBJC_WEAK = YES;
				CLANG_WARN_BLOCK_CAPTURE_AUTORELEASING = YES;
				CLANG_WARN_BOOL_CONVERSION = YES;
				CLANG_WARN_COMMA = YES;
				CLANG_WARN_CONSTANT_CONVERSION = YES;
				CLANG_WARN_DEPRECATED_OBJC_IMPLEMENTATIONS = YES;
				CLANG_WARN_DIRECT_OBJC_ISA_USAGE = YES_ERROR;
				CLANG_WARN_DOCUMENTATION_COMMENTS = YES;
				CLANG_WARN_EMPTY_BODY = YES;
				CLANG_WARN_ENUM_CONVERSION = YES;
				CLANG_WARN_INFINITE_RECURSION = YES;
				CLANG_WARN_INT_CONVERSION = YES;
				CLANG_WARN_NON_LITERAL_NULL_CONVERSION = YES;
				CLANG_WARN_OBJC_IMPLICIT_RETAIN_SELF = YES;
				CLANG_WARN_OBJC_LITERAL_CONVERSION = YES;
				CLANG_WARN_OBJC_ROOT_CLASS = YES_ERROR;
				CLANG_WARN_QUOTED_INCLUDE_IN_FRAMEWORK_HEADER = YES;
				CLANG_WARN_RANGE_LOOP_ANALYSIS = YES;
				CLANG_WARN_STRICT_PROTOTYPES = YES;
				CLANG_WARN_SUSPICIOUS_MOVE = YES;
				CLANG_WARN_UNGUARDED_AVAILABILITY = YES_AGGRESSIVE;
				CLANG_WARN_UNREACHABLE_CODE = YES;
				CLANG_WARN__DUPLICATE_METHOD_MATCH = YES;
				COPY_PHASE_STRIP = NO;
				DEBUG_INFORMATION_FORMAT = dwarf;
				ENABLE_STRICT_OBJC_MSGSEND = YES;
				ENABLE_TESTABILITY = YES;
				GCC_C_LANGUAGE_STANDARD = gnu11;
				GCC_DYNAMIC_NO_PIC = NO;
				GCC_NO_COMMON_BLOCKS = YES;
				GCC_OPTIMIZATION_LEVEL = 0;
				GCC_PREPROCESSOR_DEFINITIONS = (
					"DEBUG=1",
					"$(inherited)",
				);
				GCC_WARN_64_TO_32_BIT_CONVERSION = YES;
				GCC_WARN_ABOUT_RETURN_TYPE = YES_ERROR;
				GCC_WARN_UNDECLARED_SELECTOR = YES;
				GCC_WARN_UNINITIALIZED_AUTOS = YES_AGGRESSIVE;
				GCC_WARN_UNUSED_FUNCTION = YES;
				GCC_WARN_UNUSED_VARIABLE = YES;
				IPHONEOS_DEPLOYMENT_TARGET = 16.2;
				MTL_ENABLE_DEBUG_INFO = INCLUDE_SOURCE;
				MTL_FAST_MATH = YES;
				ONLY_ACTIVE_ARCH = YES;
				SDKROOT = iphoneos;
				SWIFT_ACTIVE_COMPILATION_CONDITIONS = DEBUG;
				SWIFT_OPTIMIZATION_LEVEL = "-Onone";
			};
			name = Debug;
		};
		FA5BF8602A8013AD00C06853 /* Release */ = {
			isa = XCBuildConfiguration;
			buildSettings = {
				ALWAYS_SEARCH_USER_PATHS = NO;
				CLANG_ANALYZER_NONNULL = YES;
				CLANG_ANALYZER_NUMBER_OBJECT_CONVERSION = YES_AGGRESSIVE;
				CLANG_CXX_LANGUAGE_STANDARD = "gnu++20";
				CLANG_ENABLE_MODULES = YES;
				CLANG_ENABLE_OBJC_ARC = YES;
				CLANG_ENABLE_OBJC_WEAK = YES;
				CLANG_WARN_BLOCK_CAPTURE_AUTORELEASING = YES;
				CLANG_WARN_BOOL_CONVERSION = YES;
				CLANG_WARN_COMMA = YES;
				CLANG_WARN_CONSTANT_CONVERSION = YES;
				CLANG_WARN_DEPRECATED_OBJC_IMPLEMENTATIONS = YES;
				CLANG_WARN_DIRECT_OBJC_ISA_USAGE = YES_ERROR;
				CLANG_WARN_DOCUMENTATION_COMMENTS = YES;
				CLANG_WARN_EMPTY_BODY = YES;
				CLANG_WARN_ENUM_CONVERSION = YES;
				CLANG_WARN_INFINITE_RECURSION = YES;
				CLANG_WARN_INT_CONVERSION = YES;
				CLANG_WARN_NON_LITERAL_NULL_CONVERSION = YES;
				CLANG_WARN_OBJC_IMPLICIT_RETAIN_SELF = YES;
				CLANG_WARN_OBJC_LITERAL_CONVERSION = YES;
				CLANG_WARN_OBJC_ROOT_CLASS = YES_ERROR;
				CLANG_WARN_QUOTED_INCLUDE_IN_FRAMEWORK_HEADER = YES;
				CLANG_WARN_RANGE_LOOP_ANALYSIS = YES;
				CLANG_WARN_STRICT_PROTOTYPES = YES;
				CLANG_WARN_SUSPICIOUS_MOVE = YES;
				CLANG_WARN_UNGUARDED_AVAILABILITY = YES_AGGRESSIVE;
				CLANG_WARN_UNREACHABLE_CODE = YES;
				CLANG_WARN__DUPLICATE_METHOD_MATCH = YES;
				COPY_PHASE_STRIP = NO;
				DEBUG_INFORMATION_FORMAT = "dwarf-with-dsym";
				ENABLE_NS_ASSERTIONS = NO;
				ENABLE_STRICT_OBJC_MSGSEND = YES;
				GCC_C_LANGUAGE_STANDARD = gnu11;
				GCC_NO_COMMON_BLOCKS = YES;
				GCC_WARN_64_TO_32_BIT_CONVERSION = YES;
				GCC_WARN_ABOUT_RETURN_TYPE = YES_ERROR;
				GCC_WARN_UNDECLARED_SELECTOR = YES;
				GCC_WARN_UNINITIALIZED_AUTOS = YES_AGGRESSIVE;
				GCC_WARN_UNUSED_FUNCTION = YES;
				GCC_WARN_UNUSED_VARIABLE = YES;
				IPHONEOS_DEPLOYMENT_TARGET = 16.2;
				MTL_ENABLE_DEBUG_INFO = NO;
				MTL_FAST_MATH = YES;
				SDKROOT = iphoneos;
				SWIFT_COMPILATION_MODE = wholemodule;
				SWIFT_OPTIMIZATION_LEVEL = "-O";
				VALIDATE_PRODUCT = YES;
			};
			name = Release;
		};
		FA5BF8622A8013AD00C06853 /* Debug */ = {
			isa = XCBuildConfiguration;
			baseConfigurationReference = 0CFB4E47C874B7FE1BD06668 /* Pods-Filker Photos using mvvm-c.debug.xcconfig */;
			buildSettings = {
				ASSETCATALOG_COMPILER_APPICON_NAME = AppIcon;
				ASSETCATALOG_COMPILER_GLOBAL_ACCENT_COLOR_NAME = AccentColor;
				CODE_SIGN_STYLE = Automatic;
				CURRENT_PROJECT_VERSION = 1;
				GENERATE_INFOPLIST_FILE = YES;
				INFOPLIST_FILE = "Filker Photos using mvvm-c/Info.plist";
				INFOPLIST_KEY_UIApplicationSupportsIndirectInputEvents = YES;
				INFOPLIST_KEY_UILaunchStoryboardName = LaunchScreen;
				INFOPLIST_KEY_UISupportedInterfaceOrientations = UIInterfaceOrientationPortrait;
				INFOPLIST_KEY_UISupportedInterfaceOrientations_iPad = "UIInterfaceOrientationLandscapeLeft UIInterfaceOrientationLandscapeRight UIInterfaceOrientationPortrait UIInterfaceOrientationPortraitUpsideDown";
				LD_RUNPATH_SEARCH_PATHS = (
					"$(inherited)",
					"@executable_path/Frameworks",
				);
				MARKETING_VERSION = 1.0;
				PRODUCT_BUNDLE_IDENTIFIER = "com.native.Filker-Photos-using-mvvm-c";
				PRODUCT_NAME = "$(TARGET_NAME)";
				SUPPORTED_PLATFORMS = "iphoneos iphonesimulator";
				SUPPORTS_MACCATALYST = NO;
				SUPPORTS_MAC_DESIGNED_FOR_IPHONE_IPAD = NO;
				SWIFT_EMIT_LOC_STRINGS = YES;
				SWIFT_VERSION = 5.0;
				TARGETED_DEVICE_FAMILY = 1;
			};
			name = Debug;
		};
		FA5BF8632A8013AD00C06853 /* Release */ = {
			isa = XCBuildConfiguration;
			baseConfigurationReference = 3EFDBB9C1D5A561541625838 /* Pods-Filker Photos using mvvm-c.release.xcconfig */;
			buildSettings = {
				ASSETCATALOG_COMPILER_APPICON_NAME = AppIcon;
				ASSETCATALOG_COMPILER_GLOBAL_ACCENT_COLOR_NAME = AccentColor;
				CODE_SIGN_STYLE = Automatic;
				CURRENT_PROJECT_VERSION = 1;
				GENERATE_INFOPLIST_FILE = YES;
				INFOPLIST_FILE = "Filker Photos using mvvm-c/Info.plist";
				INFOPLIST_KEY_UIApplicationSupportsIndirectInputEvents = YES;
				INFOPLIST_KEY_UILaunchStoryboardName = LaunchScreen;
				INFOPLIST_KEY_UISupportedInterfaceOrientations = UIInterfaceOrientationPortrait;
				INFOPLIST_KEY_UISupportedInterfaceOrientations_iPad = "UIInterfaceOrientationLandscapeLeft UIInterfaceOrientationLandscapeRight UIInterfaceOrientationPortrait UIInterfaceOrientationPortraitUpsideDown";
				LD_RUNPATH_SEARCH_PATHS = (
					"$(inherited)",
					"@executable_path/Frameworks",
				);
				MARKETING_VERSION = 1.0;
				PRODUCT_BUNDLE_IDENTIFIER = "com.native.Filker-Photos-using-mvvm-c";
				PRODUCT_NAME = "$(TARGET_NAME)";
				SUPPORTED_PLATFORMS = "iphoneos iphonesimulator";
				SUPPORTS_MACCATALYST = NO;
				SUPPORTS_MAC_DESIGNED_FOR_IPHONE_IPAD = NO;
				SWIFT_EMIT_LOC_STRINGS = YES;
				SWIFT_VERSION = 5.0;
				TARGETED_DEVICE_FAMILY = 1;
			};
			name = Release;
		};
/* End XCBuildConfiguration section */

/* Begin XCConfigurationList section */
		FA5BF8482A8013AA00C06853 /* Build configuration list for PBXProject "Filker Photos using mvvm-c" */ = {
			isa = XCConfigurationList;
			buildConfigurations = (
				FA5BF85F2A8013AD00C06853 /* Debug */,
				FA5BF8602A8013AD00C06853 /* Release */,
			);
			defaultConfigurationIsVisible = 0;
			defaultConfigurationName = Release;
		};
		FA5BF8612A8013AD00C06853 /* Build configuration list for PBXNativeTarget "Filker Photos using mvvm-c" */ = {
			isa = XCConfigurationList;
			buildConfigurations = (
				FA5BF8622A8013AD00C06853 /* Debug */,
				FA5BF8632A8013AD00C06853 /* Release */,
			);
			defaultConfigurationIsVisible = 0;
			defaultConfigurationName = Release;
		};
/* End XCConfigurationList section */
	};
	rootObject = FA5BF8452A8013AA00C06853 /* Project object */;
}
